// !$*UTF8*$!
{
	archiveVersion = 1;
	classes = {
	};
	objectVersion = 48;
	objects = {

/* Begin PBXBuildFile section */
		A9DEEFE51F450088001DCEE3 /* AppDelegate.swift in Sources */ = {isa = PBXBuildFile; fileRef = A9DEEFE41F450088001DCEE3 /* AppDelegate.swift */; };
		A9DEEFE71F450088001DCEE3 /* MainVC.swift in Sources */ = {isa = PBXBuildFile; fileRef = A9DEEFE61F450088001DCEE3 /* MainVC.swift */; };
		A9DEEFEA1F450089001DCEE3 /* Main.storyboard in Resources */ = {isa = PBXBuildFile; fileRef = A9DEEFE81F450089001DCEE3 /* Main.storyboard */; };
		A9DEEFEC1F450089001DCEE3 /* Assets.xcassets in Resources */ = {isa = PBXBuildFile; fileRef = A9DEEFEB1F450089001DCEE3 /* Assets.xcassets */; };
		A9DEEFEF1F450089001DCEE3 /* LaunchScreen.storyboard in Resources */ = {isa = PBXBuildFile; fileRef = A9DEEFED1F450089001DCEE3 /* LaunchScreen.storyboard */; };
		A9DEEFF91F4502AF001DCEE3 /* CurrencyTxtFld.swift in Sources */ = {isa = PBXBuildFile; fileRef = A9DEEFF81F4502AF001DCEE3 /* CurrencyTxtFld.swift */; };
/* End PBXBuildFile section */

/* Begin PBXFileReference section */
		A9DEEFE11F450088001DCEE3 /* window-shopper.app */ = {isa = PBXFileReference; explicitFileType = wrapper.application; includeInIndex = 0; path = "window-shopper.app"; sourceTree = BUILT_PRODUCTS_DIR; };
		A9DEEFE41F450088001DCEE3 /* AppDelegate.swift */ = {isa = PBXFileReference; lastKnownFileType = sourcecode.swift; path = AppDelegate.swift; sourceTree = "<group>"; };
		A9DEEFE61F450088001DCEE3 /* MainVC.swift */ = {isa = PBXFileReference; lastKnownFileType = sourcecode.swift; path = MainVC.swift; sourceTree = "<group>"; };
		A9DEEFE91F450089001DCEE3 /* Base */ = {isa = PBXFileReference; lastKnownFileType = file.storyboard; name = Base; path = Base.lproj/Main.storyboard; sourceTree = "<group>"; };
		A9DEEFEB1F450089001DCEE3 /* Assets.xcassets */ = {isa = PBXFileReference; lastKnownFileType = folder.assetcatalog; path = Assets.xcassets; sourceTree = "<group>"; };
		A9DEEFEE1F450089001DCEE3 /* Base */ = {isa = PBXFileReference; lastKnownFileType = file.storyboard; name = Base; path = Base.lproj/LaunchScreen.storyboard; sourceTree = "<group>"; };
		A9DEEFF01F450089001DCEE3 /* Info.plist */ = {isa = PBXFileReference; lastKnownFileType = text.plist.xml; path = Info.plist; sourceTree = "<group>"; };
		A9DEEFF81F4502AF001DCEE3 /* CurrencyTxtFld.swift */ = {isa = PBXFileReference; lastKnownFileType = sourcecode.swift; path = CurrencyTxtFld.swift; sourceTree = "<group>"; };
/* End PBXFileReference section */

/* Begin PBXFrameworksBuildPhase section */
		A9DEEFDE1F450088001DCEE3 /* Frameworks */ = {
			isa = PBXFrameworksBuildPhase;
			buildActionMask = 2147483647;
			files = (
			);
			runOnlyForDeploymentPostprocessing = 0;
		};
/* End PBXFrameworksBuildPhase section */

/* Begin PBXGroup section */
		A9DEEFD81F450088001DCEE3 = {
			isa = PBXGroup;
			children = (
				A9DEEFE31F450088001DCEE3 /* window-shopper */,
				A9DEEFE21F450088001DCEE3 /* Products */,
			);
			sourceTree = "<group>";
		};
		A9DEEFE21F450088001DCEE3 /* Products */ = {
			isa = PBXGroup;
			children = (
				A9DEEFE11F450088001DCEE3 /* window-shopper.app */,
			);
			name = Products;
			sourceTree = "<group>";
		};
		A9DEEFE31F450088001DCEE3 /* window-shopper */ = {
			isa = PBXGroup;
			children = (
				A9DEEFF71F450287001DCEE3 /* View */,
				A9DEEFF61F45010C001DCEE3 /* Controller */,
				A9DEEFE41F450088001DCEE3 /* AppDelegate.swift */,
				A9DEEFE81F450089001DCEE3 /* Main.storyboard */,
				A9DEEFEB1F450089001DCEE3 /* Assets.xcassets */,
				A9DEEFED1F450089001DCEE3 /* LaunchScreen.storyboard */,
				A9DEEFF01F450089001DCEE3 /* Info.plist */,
			);
			path = "window-shopper";
			sourceTree = "<group>";
		};
		A9DEEFF61F45010C001DCEE3 /* Controller */ = {
			isa = PBXGroup;
			children = (
				A9DEEFE61F450088001DCEE3 /* MainVC.swift */,
			);
			path = Controller;
			sourceTree = "<group>";
		};
		A9DEEFF71F450287001DCEE3 /* View */ = {
			isa = PBXGroup;
			children = (
				A9DEEFF81F4502AF001DCEE3 /* CurrencyTxtFld.swift */,
			);
			path = View;
			sourceTree = "<group>";
		};
/* End PBXGroup section */

/* Begin PBXNativeTarget section */
		A9DEEFE01F450088001DCEE3 /* window-shopper */ = {
			isa = PBXNativeTarget;
			buildConfigurationList = A9DEEFF31F450089001DCEE3 /* Build configuration list for PBXNativeTarget "window-shopper" */;
			buildPhases = (
				A9DEEFDD1F450088001DCEE3 /* Sources */,
				A9DEEFDE1F450088001DCEE3 /* Frameworks */,
				A9DEEFDF1F450088001DCEE3 /* Resources */,
			);
			buildRules = (
			);
			dependencies = (
			);
			name = "window-shopper";
			productName = "window-shopper";
			productReference = A9DEEFE11F450088001DCEE3 /* window-shopper.app */;
			productType = "com.apple.product-type.application";
		};
/* End PBXNativeTarget section */

/* Begin PBXProject section */
		A9DEEFD91F450088001DCEE3 /* Project object */ = {
			isa = PBXProject;
			attributes = {
				LastSwiftUpdateCheck = 0900;
				LastUpgradeCheck = 0900;
				ORGANIZATIONNAME = "Sarah Jessica London";
				TargetAttributes = {
					A9DEEFE01F450088001DCEE3 = {
						CreatedOnToolsVersion = 9.0;
					};
				};
			};
			buildConfigurationList = A9DEEFDC1F450088001DCEE3 /* Build configuration list for PBXProject "window-shopper" */;
			compatibilityVersion = "Xcode 8.0";
			developmentRegion = en;
			hasScannedForEncodings = 0;
			knownRegions = (
				en,
				Base,
			);
			mainGroup = A9DEEFD81F450088001DCEE3;
			productRefGroup = A9DEEFE21F450088001DCEE3 /* Products */;
			projectDirPath = "";
			projectRoot = "";
			targets = (
				A9DEEFE01F450088001DCEE3 /* window-shopper */,
			);
		};
/* End PBXProject section */

/* Begin PBXResourcesBuildPhase section */
		A9DEEFDF1F450088001DCEE3 /* Resources */ = {
			isa = PBXResourcesBuildPhase;
			buildActionMask = 2147483647;
			files = (
				A9DEEFEF1F450089001DCEE3 /* LaunchScreen.storyboard in Resources */,
				A9DEEFEC1F450089001DCEE3 /* Assets.xcassets in Resources */,
				A9DEEFEA1F450089001DCEE3 /* Main.storyboard in Resources */,
			);
			runOnlyForDeploymentPostprocessing = 0;
		};
/* End PBXResourcesBuildPhase section */

/* Begin PBXSourcesBuildPhase section */
		A9DEEFDD1F450088001DCEE3 /* Sources */ = {
			isa = PBXSourcesBuildPhase;
			buildActionMask = 2147483647;
			files = (
				A9DEEFE71F450088001DCEE3 /* MainVC.swift in Sources */,
				A9DEEFE51F450088001DCEE3 /* AppDelegate.swift in Sources */,
				A9DEEFF91F4502AF001DCEE3 /* CurrencyTxtFld.swift in Sources */,
			);
			runOnlyForDeploymentPostprocessing = 0;
		};
/* End PBXSourcesBuildPhase section */

/* Begin PBXVariantGroup section */
		A9DEEFE81F450089001DCEE3 /* Main.storyboard */ = {
			isa = PBXVariantGroup;
			children = (
				A9DEEFE91F450089001DCEE3 /* Base */,
			);
			name = Main.storyboard;
			sourceTree = "<group>";
		};
		A9DEEFED1F450089001DCEE3 /* LaunchScreen.storyboard */ = {
			isa = PBXVariantGroup;
			children = (
				A9DEEFEE1F450089001DCEE3 /* Base */,
			);
			name = LaunchScreen.storyboard;
			sourceTree = "<group>";
		};
/* End PBXVariantGroup section */

/* Begin XCBuildConfiguration section */
		A9DEEFF11F450089001DCEE3 /* Debug */ = {
			isa = XCBuildConfiguration;
			buildSettings = {
				ALWAYS_SEARCH_USER_PATHS = NO;
				CLANG_ANALYZER_NONNULL = YES;
				CLANG_ANALYZER_NUMBER_OBJECT_CONVERSION = YES_AGGRESSIVE;
				CLANG_CXX_LANGUAGE_STANDARD = "gnu++14";
				CLANG_CXX_LIBRARY = "libc++";
				CLANG_ENABLE_MODULES = YES;
				CLANG_ENABLE_OBJC_ARC = YES;
				CLANG_WARN_BLOCK_CAPTURE_AUTORELEASING = YES;
				CLANG_WARN_BOOL_CONVERSION = YES;
				CLANG_WARN_COMMA = YES;
				CLANG_WARN_CONSTANT_CONVERSION = YES;
				CLANG_WARN_DIRECT_OBJC_ISA_USAGE = YES_ERROR;
				CLANG_WARN_DOCUMENTATION_COMMENTS = YES;
				CLANG_WARN_EMPTY_BODY = YES;
				CLANG_WARN_ENUM_CONVERSION = YES;
				CLANG_WARN_INFINITE_RECURSION = YES;
				CLANG_WARN_INT_CONVERSION = YES;
				CLANG_WARN_NON_LITERAL_NULL_CONVERSION = YES;
				CLANG_WARN_OBJC_LITERAL_CONVERSION = YES;
				CLANG_WARN_OBJC_ROOT_CLASS = YES_ERROR;
				CLANG_WARN_RANGE_LOOP_ANALYSIS = YES;
				CLANG_WARN_STRICT_PROTOTYPES = YES;
				CLANG_WARN_SUSPICIOUS_MOVE = YES;
				CLANG_WARN_UNGUARDED_AVAILABILITY = YES_AGGRESSIVE;
				CLANG_WARN_UNREACHABLE_CODE = YES;
				CLANG_WARN__DUPLICATE_METHOD_MATCH = YES;
				CODE_SIGN_IDENTITY = "iPhone Developer";
				COPY_PHASE_STRIP = NO;
				DEBUG_INFORMATION_FORMAT = dwarf;
				ENABLE_STRICT_OBJC_MSGSEND = YES;
				ENABLE_TESTABILITY = YES;
				GCC_C_LANGUAGE_STANDARD = gnu11;
				GCC_DYNAMIC_NO_PIC = NO;
				GCC_NO_COMMON_BLOCKS = YES;
				GCC_OPTIMIZATION_LEVEL = 0;
				GCC_PREPROCESSOR_DEFINITIONS = (
					"DEBUG=1",
					"$(inherited)",
				);
				GCC_WARN_64_TO_32_BIT_CONVERSION = YES;
				GCC_WARN_ABOUT_RETURN_TYPE = YES_ERROR;
				GCC_WARN_UNDECLARED_SELECTOR = YES;
				GCC_WARN_UNINITIALIZED_AUTOS = YES_AGGRESSIVE;
				GCC_WARN_UNUSED_FUNCTION = YES;
				GCC_WARN_UNUSED_VARIABLE = YES;
				IPHONEOS_DEPLOYMENT_TARGET = 11.0;
				MTL_ENABLE_DEBUG_INFO = YES;
				ONLY_ACTIVE_ARCH = YES;
				SDKROOT = iphoneos;
				SWIFT_ACTIVE_COMPILATION_CONDITIONS = DEBUG;
				SWIFT_OPTIMIZATION_LEVEL = "-Onone";
			};
			name = Debug;
		};
		A9DEEFF21F450089001DCEE3 /* Release */ = {
			isa = XCBuildConfiguration;
			buildSettings = {
				ALWAYS_SEARCH_USER_PATHS = NO;
				CLANG_ANALYZER_NONNULL = YES;
				CLANG_ANALYZER_NUMBER_OBJECT_CONVERSION = YES_AGGRESSIVE;
				CLANG_CXX_LANGUAGE_STANDARD = "gnu++14";
				CLANG_CXX_LIBRARY = "libc++";
				CLANG_ENABLE_MODULES = YES;
				CLANG_ENABLE_OBJC_ARC = YES;
				CLANG_WARN_BLOCK_CAPTURE_AUTORELEASING = YES;
				CLANG_WARN_BOOL_CONVERSION = YES;
				CLANG_WARN_COMMA = YES;
				CLANG_WARN_CONSTANT_CONVERSION = YES;
				CLANG_WARN_DIRECT_OBJC_ISA_USAGE = YES_ERROR;
				CLANG_WARN_DOCUMENTATION_COMMENTS = YES;
				CLANG_WARN_EMPTY_BODY = YES;
				CLANG_WARN_ENUM_CONVERSION = YES;
				CLANG_WARN_INFINITE_RECURSION = YES;
				CLANG_WARN_INT_CONVERSION = YES;
				CLANG_WARN_NON_LITERAL_NULL_CONVERSION = YES;
				CLANG_WARN_OBJC_LITERAL_CONVERSION = YES;
				CLANG_WARN_OBJC_ROOT_CLASS = YES_ERROR;
				CLANG_WARN_RANGE_LOOP_ANALYSIS = YES;
				CLANG_WARN_STRICT_PROTOTYPES = YES;
				CLANG_WARN_SUSPICIOUS_MOVE = YES;
				CLANG_WARN_UNGUARDED_AVAILABILITY = YES_AGGRESSIVE;
				CLANG_WARN_UNREACHABLE_CODE = YES;
				CLANG_WARN__DUPLICATE_METHOD_MATCH = YES;
				CODE_SIGN_IDENTITY = "iPhone Developer";
				COPY_PHASE_STRIP = NO;
				DEBUG_INFORMATION_FORMAT = "dwarf-with-dsym";
				ENABLE_NS_ASSERTIONS = NO;
				ENABLE_STRICT_OBJC_MSGSEND = YES;
				GCC_C_LANGUAGE_STANDARD = gnu11;
				GCC_NO_COMMON_BLOCKS = YES;
				GCC_WARN_64_TO_32_BIT_CONVERSION = YES;
				GCC_WARN_ABOUT_RETURN_TYPE = YES_ERROR;
				GCC_WARN_UNDECLARED_SELECTOR = YES;
				GCC_WARN_UNINITIALIZED_AUTOS = YES_AGGRESSIVE;
				GCC_WARN_UNUSED_FUNCTION = YES;
				GCC_WARN_UNUSED_VARIABLE = YES;
				IPHONEOS_DEPLOYMENT_TARGET = 11.0;
				MTL_ENABLE_DEBUG_INFO = NO;
				SDKROOT = iphoneos;
				SWIFT_OPTIMIZATION_LEVEL = "-Owholemodule";
				VALIDATE_PRODUCT = YES;
			};
			name = Release;
		};
		A9DEEFF41F450089001DCEE3 /* Debug */ = {
			isa = XCBuildConfiguration;
			buildSettings = {
				ASSETCATALOG_COMPILER_APPICON_NAME = AppIcon;
				DEVELOPMENT_TEAM = GWV668NFFH;
				INFOPLIST_FILE = "window-shopper/Info.plist";
				LD_RUNPATH_SEARCH_PATHS = "$(inherited) @executable_path/Frameworks";
				PRODUCT_BUNDLE_IDENTIFIER = "london.sarahjessica.window-shopper";
				PRODUCT_NAME = "$(TARGET_NAME)";
				SWIFT_VERSION = 4.0;
				TARGETED_DEVICE_FAMILY = "1,2";
			};
			name = Debug;
		};
		A9DEEFF51F450089001DCEE3 /* Release */ = {
			isa = XCBuildConfiguration;
			buildSettings = {
				ASSETCATALOG_COMPILER_APPICON_NAME = AppIcon;
				DEVELOPMENT_TEAM = GWV668NFFH;
				INFOPLIST_FILE = "window-shopper/Info.plist";
				LD_RUNPATH_SEARCH_PATHS = "$(inherited) @executable_path/Frameworks";
				PRODUCT_BUNDLE_IDENTIFIER = "london.sarahjessica.window-shopper";
				PRODUCT_NAME = "$(TARGET_NAME)";
				SWIFT_VERSION = 4.0;
				TARGETED_DEVICE_FAMILY = "1,2";
			};
			name = Release;
		};
/* End XCBuildConfiguration section */

/* Begin XCConfigurationList section */
		A9DEEFDC1F450088001DCEE3 /* Build configuration list for PBXProject "window-shopper" */ = {
			isa = XCConfigurationList;
			buildConfigurations = (
				A9DEEFF11F450089001DCEE3 /* Debug */,
				A9DEEFF21F450089001DCEE3 /* Release */,
			);
			defaultConfigurationIsVisible = 0;
			defaultConfigurationName = Release;
		};
		A9DEEFF31F450089001DCEE3 /* Build configuration list for PBXNativeTarget "window-shopper" */ = {
			isa = XCConfigurationList;
			buildConfigurations = (
				A9DEEFF41F450089001DCEE3 /* Debug */,
				A9DEEFF51F450089001DCEE3 /* Release */,
			);
			defaultConfigurationIsVisible = 0;
			defaultConfigurationName = Release;
		};
/* End XCConfigurationList section */
	};
	rootObject = A9DEEFD91F450088001DCEE3 /* Project object */;
}
